<?xml version="1.0" encoding="UTF-8"?>
<CodeBlocks_project_file>
	<FileVersion major="1" minor="6"/>
	<Project>
		<Option title="ntl"/>
		<Option makefile_is_custom="1"/>
		<Option compiler="gcc"/>
		<Option virtualFolders="CMake Files\;"/>
		<Build>
			<Target title="all">
				<Option working_dir="/cygdrive/e/cplus/ntl"/>
				<Option type="4"/>
				<MakeCommands>
					<Build command="/usr/bin/make.exe -j4 -f &quot;/cygdrive/e/cplus/ntl/Makefile&quot;  VERBOSE=1 all"/>
					<CompileFile command="/usr/bin/make.exe -j4 -f &quot;/cygdrive/e/cplus/ntl/Makefile&quot;  VERBOSE=1 &quot;$file&quot;"/>
					<Clean command="/usr/bin/make.exe -j4 -f &quot;/cygdrive/e/cplus/ntl/Makefile&quot;  VERBOSE=1 clean"/>
					<DistClean command="/usr/bin/make.exe -j4 -f &quot;/cygdrive/e/cplus/ntl/Makefile&quot;  VERBOSE=1 clean"/>
				</MakeCommands>
			</Target>
			<Target title="rebuild_cache">
				<Option working_dir="/cygdrive/e/cplus/ntl"/>
				<Option type="4"/>
				<MakeCommands>
					<Build command="/usr/bin/make.exe -j4 -f &quot;/cygdrive/e/cplus/ntl/Makefile&quot;  VERBOSE=1 rebuild_cache"/>
					<CompileFile command="/usr/bin/make.exe -j4 -f &quot;/cygdrive/e/cplus/ntl/Makefile&quot;  VERBOSE=1 &quot;$file&quot;"/>
					<Clean command="/usr/bin/make.exe -j4 -f &quot;/cygdrive/e/cplus/ntl/Makefile&quot;  VERBOSE=1 clean"/>
					<DistClean command="/usr/bin/make.exe -j4 -f &quot;/cygdrive/e/cplus/ntl/Makefile&quot;  VERBOSE=1 clean"/>
				</MakeCommands>
			</Target>
			<Target title="edit_cache">
				<Option working_dir="/cygdrive/e/cplus/ntl"/>
				<Option type="4"/>
				<MakeCommands>
					<Build command="/usr/bin/make.exe -j4 -f &quot;/cygdrive/e/cplus/ntl/Makefile&quot;  VERBOSE=1 edit_cache"/>
					<CompileFile command="/usr/bin/make.exe -j4 -f &quot;/cygdrive/e/cplus/ntl/Makefile&quot;  VERBOSE=1 &quot;$file&quot;"/>
					<Clean command="/usr/bin/make.exe -j4 -f &quot;/cygdrive/e/cplus/ntl/Makefile&quot;  VERBOSE=1 clean"/>
					<DistClean command="/usr/bin/make.exe -j4 -f &quot;/cygdrive/e/cplus/ntl/Makefile&quot;  VERBOSE=1 clean"/>
				</MakeCommands>
			</Target>
			<Target title="whiteboxgen">
				<Option output="/cygdrive/e/cplus/ntl/whiteboxgen.exe" prefix_auto="0" extension_auto="0"/>
				<Option working_dir="/cygdrive/e/cplus/ntl"/>
				<Option object_output="./"/>
				<Option type="1"/>
				<Option compiler="gcc"/>
				<Compiler>
					<Add directory="/usr/lib/gcc/x86_64-pc-cygwin/6.4.0/include/c++"/>
					<Add directory="/usr/lib/gcc/x86_64-pc-cygwin/6.4.0/include/c++/x86_64-pc-cygwin"/>
					<Add directory="/usr/lib/gcc/x86_64-pc-cygwin/6.4.0/include/c++/backward"/>
					<Add directory="/usr/lib/gcc/x86_64-pc-cygwin/6.4.0/include"/>
					<Add directory="/usr/local/include"/>
					<Add directory="/usr/include"/>
					<Add directory="/usr/lib/gcc/x86_64-pc-cygwin/6.4.0/../../../../lib/../include/w32api"/>
				</Compiler>
				<MakeCommands>
					<Build command="/usr/bin/make.exe -j4 -f &quot;/cygdrive/e/cplus/ntl/Makefile&quot;  VERBOSE=1 whiteboxgen"/>
					<CompileFile command="/usr/bin/make.exe -j4 -f &quot;/cygdrive/e/cplus/ntl/Makefile&quot;  VERBOSE=1 &quot;$file&quot;"/>
					<Clean command="/usr/bin/make.exe -j4 -f &quot;/cygdrive/e/cplus/ntl/Makefile&quot;  VERBOSE=1 clean"/>
					<DistClean command="/usr/bin/make.exe -j4 -f &quot;/cygdrive/e/cplus/ntl/Makefile&quot;  VERBOSE=1 clean"/>
				</MakeCommands>
			</Target>
			<Target title="whiteboxgen/fast">
				<Option output="/cygdrive/e/cplus/ntl/whiteboxgen.exe" prefix_auto="0" extension_auto="0"/>
				<Option working_dir="/cygdrive/e/cplus/ntl"/>
				<Option object_output="./"/>
				<Option type="1"/>
				<Option compiler="gcc"/>
				<Compiler>
					<Add directory="/usr/lib/gcc/x86_64-pc-cygwin/6.4.0/include/c++"/>
					<Add directory="/usr/lib/gcc/x86_64-pc-cygwin/6.4.0/include/c++/x86_64-pc-cygwin"/>
					<Add directory="/usr/lib/gcc/x86_64-pc-cygwin/6.4.0/include/c++/backward"/>
					<Add directory="/usr/lib/gcc/x86_64-pc-cygwin/6.4.0/include"/>
					<Add directory="/usr/local/include"/>
					<Add directory="/usr/include"/>
					<Add directory="/usr/lib/gcc/x86_64-pc-cygwin/6.4.0/../../../../lib/../include/w32api"/>
				</Compiler>
				<MakeCommands>
					<Build command="/usr/bin/make.exe -j4 -f &quot;/cygdrive/e/cplus/ntl/Makefile&quot;  VERBOSE=1 whiteboxgen/fast"/>
					<CompileFile command="/usr/bin/make.exe -j4 -f &quot;/cygdrive/e/cplus/ntl/Makefile&quot;  VERBOSE=1 &quot;$file&quot;"/>
					<Clean command="/usr/bin/make.exe -j4 -f &quot;/cygdrive/e/cplus/ntl/Makefile&quot;  VERBOSE=1 clean"/>
					<DistClean command="/usr/bin/make.exe -j4 -f &quot;/cygdrive/e/cplus/ntl/Makefile&quot;  VERBOSE=1 clean"/>
				</MakeCommands>
			</Target>
		</Build>
		<Unit filename="/cygdrive/e/cplus/ntl/src/bijection.cpp">
			<Option target="whiteboxgen"/>
		</Unit>
		<Unit filename="/cygdrive/e/cplus/ntl/src/bijection.h">
			<Option target="whiteboxgen"/>
		</Unit>
		<Unit filename="/cygdrive/e/cplus/ntl/src/main.cpp">
			<Option target="whiteboxgen"/>
		</Unit>
		<Unit filename="/cygdrive/e/cplus/ntl/src/test.cpp">
			<Option target="whiteboxgen"/>
		</Unit>
		<Unit filename="/cygdrive/e/cplus/ntl/src/test.h">
			<Option target="whiteboxgen"/>
		</Unit>
		<Unit filename="/cygdrive/e/cplus/ntl/src/type.h">
			<Option target="whiteboxgen"/>
		</Unit>
		<Unit filename="/cygdrive/e/cplus/ntl/src/util.cpp">
			<Option target="whiteboxgen"/>
		</Unit>
		<Unit filename="/cygdrive/e/cplus/ntl/src/util.h">
			<Option target="whiteboxgen"/>
		</Unit>
		<Unit filename="/cygdrive/e/cplus/ntl/CMakeLists.txt">
			<Option virtualFolder="CMake Files\"/>
		</Unit>
	</Project>
</CodeBlocks_project_file>
